
Microsoft Visual Studio Solution File, Format Version 12.00
# Visual Studio Version 17
VisualStudioVersion = 17.9.34607.119
MinimumVisualStudioVersion = 10.0.40219.1
Project("{2150E333-8FDC-42A3-9474-1A3956D46DE8}") = "Chapter01", "Chapter01", "{134B2B8F-D62E-4AFC-B4B9-9855A7F4C8D6}"
EndProject
Project("{FAE04EC0-301F-11D3-BF4B-00C04F79EFBC}") = "ProductSample", "Chapter01\ProductSample\ProductSample.csproj", "{86B992B5-EEC8-45A9-961B-75691E71EE9F}"
EndProject
Project("{FAE04EC0-301F-11D3-BF4B-00C04F79EFBC}") = "NamespaceSample", "Chapter01\NamespaceSample\NamespaceSample.csproj", "{76AEDF52-C53B-4255-87B1-A8A53255FAE3}"
EndProject
Project("{FAE04EC0-301F-11D3-BF4B-00C04F79EFBC}") = "Sample_p38", "Chapter01\Sample_p38\Sample_p38.csproj", "{43C3348D-A3AE-45DA-A5B6-6B6371EFED75}"
EndProject
Project("{2150E333-8FDC-42A3-9474-1A3956D46DE8}") = "Chapter02", "Chapter02", "{3884D5EC-3FBD-4BA3-85BD-83CE5A34CF2D}"
EndProject
Project("{2150E333-8FDC-42A3-9474-1A3956D46DE8}") = "距離換算プログラム", "距離換算プログラム", "{1B64C6CD-1A45-4ADC-8399-8ED4B665E0F6}"
EndProject
Project("{FAE04EC0-301F-11D3-BF4B-00C04F79EFBC}") = "DistanceConverter", "Chapter02\DistanceConverter\DistanceConverter.csproj", "{4D95D509-AADF-4F85-ABFF-07E6643F04BC}"
EndProject
Project("{2150E333-8FDC-42A3-9474-1A3956D46DE8}") = "売上集計プログラム", "売上集計プログラム", "{93E07B58-DFEC-4C59-B55D-643AB1DE42AE}"
EndProject
Project("{FAE04EC0-301F-11D3-BF4B-00C04F79EFBC}") = "SalesCounter", "Chapter02\SalesCounter\SalesCounter.csproj", "{416F2645-322C-4014-ACEA-2994F955645A}"
EndProject
Project("{2150E333-8FDC-42A3-9474-1A3956D46DE8}") = "#演習問題", "#演習問題", "{C6E43A83-C28F-4738-9AB4-A44464B4E84E}"
EndProject
Project("{FAE04EC0-301F-11D3-BF4B-00C04F79EFBC}") = "Exercise1", "Chapter02\演習問題\Exercise1\Exercise1.csproj", "{580BFFA9-B4B9-4A5D-97D4-B00177D85F42}"
EndProject
Project("{FAE04EC0-301F-11D3-BF4B-00C04F79EFBC}") = "Exercise2", "Chapter02\演習問題\Exercise2\Exercise2.csproj", "{82EE636D-3DCB-4618-B408-4E5DCA9D926E}"
EndProject
Project("{2150E333-8FDC-42A3-9474-1A3956D46DE8}") = "Chapter03", "Chapter03", "{60C25C6E-EA9B-4428-8653-D359822783F7}"
EndProject
Project("{FAE04EC0-301F-11D3-BF4B-00C04F79EFBC}") = "Section01", "Chapter03\Section01\Section01.csproj", "{206D0553-0516-4B65-A5D1-7DA3AC3470A7}"
EndProject
Project("{2150E333-8FDC-42A3-9474-1A3956D46DE8}") = "演習問題", "演習問題", "{7121C285-E6AB-4D3C-A03F-B7EE40BBC247}"
EndProject
Project("{FAE04EC0-301F-11D3-BF4B-00C04F79EFBC}") = "Exercise01", "演習問題\Exercise01\Exercise01.csproj", "{BB7915AC-3FA7-4D2A-BC16-A547E762A3A7}"
EndProject
Project("{FAE04EC0-301F-11D3-BF4B-00C04F79EFBC}") = "Exercise02", "演習問題\Exercise02\Exercise02.csproj", "{B697BD6C-644F-4357-8D57-74212FEE3971}"
EndProject
Project("{2150E333-8FDC-42A3-9474-1A3956D46DE8}") = "FormApp", "FormApp", "{DC075A22-22BA-4192-AE31-A1F376E957AC}"
EndProject
Project("{9A19103F-16F7-4668-BE54-9A1E7A4F7556}") = "BallApp", "FormApps\BallApp\BallApp.csproj", "{4A715BEE-8A90-4E10-932B-D6CD6CEFD83A}"
EndProject
Project("{2150E333-8FDC-42A3-9474-1A3956D46DE8}") = "Chapter04", "Chapter04", "{7A9A4A8B-3C08-4426-915D-FA05A5BCD679}"
EndProject
Project("{FAE04EC0-301F-11D3-BF4B-00C04F79EFBC}") = "Section01", "Chapter04\Section01\Section01.csproj", "{3F6D8AC9-209C-4982-8523-EAE15C0D8B09}"
EndProject
Project("{2150E333-8FDC-42A3-9474-1A3956D46DE8}") = "演習問題", "演習問題", "{3B4EF543-899F-4020-BC58-7B75F01D7DB4}"
EndProject
Project("{FAE04EC0-301F-11D3-BF4B-00C04F79EFBC}") = "exercise01", "Chapter04\演習問題\exercise01\exercise01.csproj", "{C29010CE-C092-4103-A6B1-3B47DD113760}"
EndProject
Project("{FAE04EC0-301F-11D3-BF4B-00C04F79EFBC}") = "exercise02", "Chapter04\演習問題\exercise02\exercise02.csproj", "{4549E6EA-411A-42B7-BBCC-81CF97973BE0}"
EndProject
Project("{2150E333-8FDC-42A3-9474-1A3956D46DE8}") = "Chapter05", "Chapter05", "{EDA51D17-EE29-496E-AC4E-29C3669F79F6}"
EndProject
Project("{2150E333-8FDC-42A3-9474-1A3956D46DE8}") = "演習問題", "演習問題", "{B543DBAC-9FB9-435D-A093-5F072AC253FD}"
EndProject
Project("{FAE04EC0-301F-11D3-BF4B-00C04F79EFBC}") = "Exercise01", "Chapter05\演習問題\Exercise01\Exercise01.csproj", "{88101909-9B73-4096-95D3-F4D13D47C11B}"
EndProject
Project("{FAE04EC0-301F-11D3-BF4B-00C04F79EFBC}") = "Exercise02", "Chapter05\演習問題\Exercise02\Exercise02.csproj", "{A1CBD4EE-24CB-4451-BC44-6C7D76166BE8}"
EndProject
Project("{FAE04EC0-301F-11D3-BF4B-00C04F79EFBC}") = "Exercise03", "Chapter05\演習問題\Exercise03\Exercise03.csproj", "{E9EC9916-611E-4D38-BF1B-B65C55666521}"
EndProject
Project("{FAE04EC0-301F-11D3-BF4B-00C04F79EFBC}") = "Exercise04", "Chapter05\演習問題\新しいフォルダー\Exercise04\Exercise04.csproj", "{5616A582-2B11-4863-94FE-98EDAF81AB05}"
EndProject
Project("{2150E333-8FDC-42A3-9474-1A3956D46DE8}") = "Chapter06", "Chapter06", "{59DB4A57-50CC-4056-94F1-CC759C52E6DD}"
EndProject
Project("{FAE04EC0-301F-11D3-BF4B-00C04F79EFBC}") = "Section01", "Chapter06\Section01\Section01.csproj", "{5B6EB65A-3805-4B3D-94F3-DEAF426174C7}"
EndProject
Project("{2150E333-8FDC-42A3-9474-1A3956D46DE8}") = "演習問題", "演習問題", "{7739D4ED-6771-4470-A094-BB92F5898676}"
EndProject
Project("{FAE04EC0-301F-11D3-BF4B-00C04F79EFBC}") = "Exercise01", "Chapter06\演習問題\Exercise01\Exercise01.csproj", "{70E198DF-8E29-4661-B253-B21F554BE92B}"
EndProject
Project("{FAE04EC0-301F-11D3-BF4B-00C04F79EFBC}") = "Exercise02", "Chapter06\演習問題\Exercise02\Exercise02.csproj", "{18B441E5-800D-4547-9B3E-E366D509B6ED}"
EndProject
Global
	GlobalSection(SolutionConfigurationPlatforms) = preSolution
		Debug|Any CPU = Debug|Any CPU
		Release|Any CPU = Release|Any CPU
	EndGlobalSection
	GlobalSection(ProjectConfigurationPlatforms) = postSolution
		{86B992B5-EEC8-45A9-961B-75691E71EE9F}.Debug|Any CPU.ActiveCfg = Debug|Any CPU
		{86B992B5-EEC8-45A9-961B-75691E71EE9F}.Debug|Any CPU.Build.0 = Debug|Any CPU
		{86B992B5-EEC8-45A9-961B-75691E71EE9F}.Release|Any CPU.ActiveCfg = Release|Any CPU
		{86B992B5-EEC8-45A9-961B-75691E71EE9F}.Release|Any CPU.Build.0 = Release|Any CPU
		{76AEDF52-C53B-4255-87B1-A8A53255FAE3}.Debug|Any CPU.ActiveCfg = Debug|Any CPU
		{76AEDF52-C53B-4255-87B1-A8A53255FAE3}.Debug|Any CPU.Build.0 = Debug|Any CPU
		{76AEDF52-C53B-4255-87B1-A8A53255FAE3}.Release|Any CPU.ActiveCfg = Release|Any CPU
		{76AEDF52-C53B-4255-87B1-A8A53255FAE3}.Release|Any CPU.Build.0 = Release|Any CPU
		{43C3348D-A3AE-45DA-A5B6-6B6371EFED75}.Debug|Any CPU.ActiveCfg = Debug|Any CPU
		{43C3348D-A3AE-45DA-A5B6-6B6371EFED75}.Debug|Any CPU.Build.0 = Debug|Any CPU
		{43C3348D-A3AE-45DA-A5B6-6B6371EFED75}.Release|Any CPU.ActiveCfg = Release|Any CPU
		{43C3348D-A3AE-45DA-A5B6-6B6371EFED75}.Release|Any CPU.Build.0 = Release|Any CPU
		{4D95D509-AADF-4F85-ABFF-07E6643F04BC}.Debug|Any CPU.ActiveCfg = Debug|Any CPU
		{4D95D509-AADF-4F85-ABFF-07E6643F04BC}.Debug|Any CPU.Build.0 = Debug|Any CPU
		{4D95D509-AADF-4F85-ABFF-07E6643F04BC}.Release|Any CPU.ActiveCfg = Release|Any CPU
		{4D95D509-AADF-4F85-ABFF-07E6643F04BC}.Release|Any CPU.Build.0 = Release|Any CPU
		{416F2645-322C-4014-ACEA-2994F955645A}.Debug|Any CPU.ActiveCfg = Debug|Any CPU
		{416F2645-322C-4014-ACEA-2994F955645A}.Debug|Any CPU.Build.0 = Debug|Any CPU
		{416F2645-322C-4014-ACEA-2994F955645A}.Release|Any CPU.ActiveCfg = Release|Any CPU
		{416F2645-322C-4014-ACEA-2994F955645A}.Release|Any CPU.Build.0 = Release|Any CPU
		{580BFFA9-B4B9-4A5D-97D4-B00177D85F42}.Debug|Any CPU.ActiveCfg = Debug|Any CPU
		{580BFFA9-B4B9-4A5D-97D4-B00177D85F42}.Debug|Any CPU.Build.0 = Debug|Any CPU
		{580BFFA9-B4B9-4A5D-97D4-B00177D85F42}.Release|Any CPU.ActiveCfg = Release|Any CPU
		{580BFFA9-B4B9-4A5D-97D4-B00177D85F42}.Release|Any CPU.Build.0 = Release|Any CPU
		{82EE636D-3DCB-4618-B408-4E5DCA9D926E}.Debug|Any CPU.ActiveCfg = Debug|Any CPU
		{82EE636D-3DCB-4618-B408-4E5DCA9D926E}.Debug|Any CPU.Build.0 = Debug|Any CPU
		{82EE636D-3DCB-4618-B408-4E5DCA9D926E}.Release|Any CPU.ActiveCfg = Release|Any CPU
		{82EE636D-3DCB-4618-B408-4E5DCA9D926E}.Release|Any CPU.Build.0 = Release|Any CPU
		{206D0553-0516-4B65-A5D1-7DA3AC3470A7}.Debug|Any CPU.ActiveCfg = Debug|Any CPU
		{206D0553-0516-4B65-A5D1-7DA3AC3470A7}.Debug|Any CPU.Build.0 = Debug|Any CPU
		{206D0553-0516-4B65-A5D1-7DA3AC3470A7}.Release|Any CPU.ActiveCfg = Release|Any CPU
		{206D0553-0516-4B65-A5D1-7DA3AC3470A7}.Release|Any CPU.Build.0 = Release|Any CPU
		{BB7915AC-3FA7-4D2A-BC16-A547E762A3A7}.Debug|Any CPU.ActiveCfg = Debug|Any CPU
		{BB7915AC-3FA7-4D2A-BC16-A547E762A3A7}.Debug|Any CPU.Build.0 = Debug|Any CPU
		{BB7915AC-3FA7-4D2A-BC16-A547E762A3A7}.Release|Any CPU.ActiveCfg = Release|Any CPU
		{BB7915AC-3FA7-4D2A-BC16-A547E762A3A7}.Release|Any CPU.Build.0 = Release|Any CPU
		{B697BD6C-644F-4357-8D57-74212FEE3971}.Debug|Any CPU.ActiveCfg = Debug|Any CPU
		{B697BD6C-644F-4357-8D57-74212FEE3971}.Debug|Any CPU.Build.0 = Debug|Any CPU
		{B697BD6C-644F-4357-8D57-74212FEE3971}.Release|Any CPU.ActiveCfg = Release|Any CPU
		{B697BD6C-644F-4357-8D57-74212FEE3971}.Release|Any CPU.Build.0 = Release|Any CPU
		{4A715BEE-8A90-4E10-932B-D6CD6CEFD83A}.Debug|Any CPU.ActiveCfg = Debug|Any CPU
		{4A715BEE-8A90-4E10-932B-D6CD6CEFD83A}.Debug|Any CPU.Build.0 = Debug|Any CPU
		{4A715BEE-8A90-4E10-932B-D6CD6CEFD83A}.Release|Any CPU.ActiveCfg = Release|Any CPU
		{4A715BEE-8A90-4E10-932B-D6CD6CEFD83A}.Release|Any CPU.Build.0 = Release|Any CPU
		{3F6D8AC9-209C-4982-8523-EAE15C0D8B09}.Debug|Any CPU.ActiveCfg = Debug|Any CPU
		{3F6D8AC9-209C-4982-8523-EAE15C0D8B09}.Debug|Any CPU.Build.0 = Debug|Any CPU
		{3F6D8AC9-209C-4982-8523-EAE15C0D8B09}.Release|Any CPU.ActiveCfg = Release|Any CPU
		{3F6D8AC9-209C-4982-8523-EAE15C0D8B09}.Release|Any CPU.Build.0 = Release|Any CPU
		{C29010CE-C092-4103-A6B1-3B47DD113760}.Debug|Any CPU.ActiveCfg = Debug|Any CPU
		{C29010CE-C092-4103-A6B1-3B47DD113760}.Debug|Any CPU.Build.0 = Debug|Any CPU
		{C29010CE-C092-4103-A6B1-3B47DD113760}.Release|Any CPU.ActiveCfg = Release|Any CPU
		{C29010CE-C092-4103-A6B1-3B47DD113760}.Release|Any CPU.Build.0 = Release|Any CPU
		{4549E6EA-411A-42B7-BBCC-81CF97973BE0}.Debug|Any CPU.ActiveCfg = Debug|Any CPU
		{4549E6EA-411A-42B7-BBCC-81CF97973BE0}.Debug|Any CPU.Build.0 = Debug|Any CPU
		{4549E6EA-411A-42B7-BBCC-81CF97973BE0}.Release|Any CPU.ActiveCfg = Release|Any CPU
		{4549E6EA-411A-42B7-BBCC-81CF97973BE0}.Release|Any CPU.Build.0 = Release|Any CPU
		{88101909-9B73-4096-95D3-F4D13D47C11B}.Debug|Any CPU.ActiveCfg = Debug|Any CPU
		{88101909-9B73-4096-95D3-F4D13D47C11B}.Debug|Any CPU.Build.0 = Debug|Any CPU
		{88101909-9B73-4096-95D3-F4D13D47C11B}.Release|Any CPU.ActiveCfg = Release|Any CPU
		{88101909-9B73-4096-95D3-F4D13D47C11B}.Release|Any CPU.Build.0 = Release|Any CPU
		{A1CBD4EE-24CB-4451-BC44-6C7D76166BE8}.Debug|Any CPU.ActiveCfg = Debug|Any CPU
		{A1CBD4EE-24CB-4451-BC44-6C7D76166BE8}.Debug|Any CPU.Build.0 = Debug|Any CPU
		{A1CBD4EE-24CB-4451-BC44-6C7D76166BE8}.Release|Any CPU.ActiveCfg = Release|Any CPU
		{A1CBD4EE-24CB-4451-BC44-6C7D76166BE8}.Release|Any CPU.Build.0 = Release|Any CPU
		{E9EC9916-611E-4D38-BF1B-B65C55666521}.Debug|Any CPU.ActiveCfg = Debug|Any CPU
		{E9EC9916-611E-4D38-BF1B-B65C55666521}.Debug|Any CPU.Build.0 = Debug|Any CPU
		{E9EC9916-611E-4D38-BF1B-B65C55666521}.Release|Any CPU.ActiveCfg = Release|Any CPU
		{E9EC9916-611E-4D38-BF1B-B65C55666521}.Release|Any CPU.Build.0 = Release|Any CPU
		{5616A582-2B11-4863-94FE-98EDAF81AB05}.Debug|Any CPU.ActiveCfg = Debug|Any CPU
		{5616A582-2B11-4863-94FE-98EDAF81AB05}.Debug|Any CPU.Build.0 = Debug|Any CPU
		{5616A582-2B11-4863-94FE-98EDAF81AB05}.Release|Any CPU.ActiveCfg = Release|Any CPU
		{5616A582-2B11-4863-94FE-98EDAF81AB05}.Release|Any CPU.Build.0 = Release|Any CPU
		{5B6EB65A-3805-4B3D-94F3-DEAF426174C7}.Debug|Any CPU.ActiveCfg = Debug|Any CPU
		{5B6EB65A-3805-4B3D-94F3-DEAF426174C7}.Debug|Any CPU.Build.0 = Debug|Any CPU
		{5B6EB65A-3805-4B3D-94F3-DEAF426174C7}.Release|Any CPU.ActiveCfg = Release|Any CPU
		{5B6EB65A-3805-4B3D-94F3-DEAF426174C7}.Release|Any CPU.Build.0 = Release|Any CPU
		{70E198DF-8E29-4661-B253-B21F554BE92B}.Debug|Any CPU.ActiveCfg = Debug|Any CPU
		{70E198DF-8E29-4661-B253-B21F554BE92B}.Debug|Any CPU.Build.0 = Debug|Any CPU
		{70E198DF-8E29-4661-B253-B21F554BE92B}.Release|Any CPU.ActiveCfg = Release|Any CPU
		{70E198DF-8E29-4661-B253-B21F554BE92B}.Release|Any CPU.Build.0 = Release|Any CPU
		{18B441E5-800D-4547-9B3E-E366D509B6ED}.Debug|Any CPU.ActiveCfg = Debug|Any CPU
		{18B441E5-800D-4547-9B3E-E366D509B6ED}.Debug|Any CPU.Build.0 = Debug|Any CPU
		{18B441E5-800D-4547-9B3E-E366D509B6ED}.Release|Any CPU.ActiveCfg = Release|Any CPU
		{18B441E5-800D-4547-9B3E-E366D509B6ED}.Release|Any CPU.Build.0 = Release|Any CPU
	EndGlobalSection
	GlobalSection(SolutionProperties) = preSolution
		HideSolutionNode = FALSE
	EndGlobalSection
	GlobalSection(NestedProjects) = preSolution
		{86B992B5-EEC8-45A9-961B-75691E71EE9F} = {134B2B8F-D62E-4AFC-B4B9-9855A7F4C8D6}
		{76AEDF52-C53B-4255-87B1-A8A53255FAE3} = {134B2B8F-D62E-4AFC-B4B9-9855A7F4C8D6}
		{43C3348D-A3AE-45DA-A5B6-6B6371EFED75} = {134B2B8F-D62E-4AFC-B4B9-9855A7F4C8D6}
		{1B64C6CD-1A45-4ADC-8399-8ED4B665E0F6} = {3884D5EC-3FBD-4BA3-85BD-83CE5A34CF2D}
		{4D95D509-AADF-4F85-ABFF-07E6643F04BC} = {1B64C6CD-1A45-4ADC-8399-8ED4B665E0F6}
		{93E07B58-DFEC-4C59-B55D-643AB1DE42AE} = {3884D5EC-3FBD-4BA3-85BD-83CE5A34CF2D}
		{416F2645-322C-4014-ACEA-2994F955645A} = {93E07B58-DFEC-4C59-B55D-643AB1DE42AE}
		{C6E43A83-C28F-4738-9AB4-A44464B4E84E} = {3884D5EC-3FBD-4BA3-85BD-83CE5A34CF2D}
		{580BFFA9-B4B9-4A5D-97D4-B00177D85F42} = {C6E43A83-C28F-4738-9AB4-A44464B4E84E}
		{82EE636D-3DCB-4618-B408-4E5DCA9D926E} = {C6E43A83-C28F-4738-9AB4-A44464B4E84E}
		{206D0553-0516-4B65-A5D1-7DA3AC3470A7} = {60C25C6E-EA9B-4428-8653-D359822783F7}
		{7121C285-E6AB-4D3C-A03F-B7EE40BBC247} = {60C25C6E-EA9B-4428-8653-D359822783F7}
		{BB7915AC-3FA7-4D2A-BC16-A547E762A3A7} = {7121C285-E6AB-4D3C-A03F-B7EE40BBC247}
		{B697BD6C-644F-4357-8D57-74212FEE3971} = {7121C285-E6AB-4D3C-A03F-B7EE40BBC247}
		{4A715BEE-8A90-4E10-932B-D6CD6CEFD83A} = {DC075A22-22BA-4192-AE31-A1F376E957AC}
		{3F6D8AC9-209C-4982-8523-EAE15C0D8B09} = {7A9A4A8B-3C08-4426-915D-FA05A5BCD679}
		{3B4EF543-899F-4020-BC58-7B75F01D7DB4} = {7A9A4A8B-3C08-4426-915D-FA05A5BCD679}
		{C29010CE-C092-4103-A6B1-3B47DD113760} = {3B4EF543-899F-4020-BC58-7B75F01D7DB4}
		{4549E6EA-411A-42B7-BBCC-81CF97973BE0} = {3B4EF543-899F-4020-BC58-7B75F01D7DB4}
		{B543DBAC-9FB9-435D-A093-5F072AC253FD} = {EDA51D17-EE29-496E-AC4E-29C3669F79F6}
		{88101909-9B73-4096-95D3-F4D13D47C11B} = {B543DBAC-9FB9-435D-A093-5F072AC253FD}
		{A1CBD4EE-24CB-4451-BC44-6C7D76166BE8} = {B543DBAC-9FB9-435D-A093-5F072AC253FD}
		{E9EC9916-611E-4D38-BF1B-B65C55666521} = {B543DBAC-9FB9-435D-A093-5F072AC253FD}
		{5616A582-2B11-4863-94FE-98EDAF81AB05} = {B543DBAC-9FB9-435D-A093-5F072AC253FD}
		{5B6EB65A-3805-4B3D-94F3-DEAF426174C7} = {59DB4A57-50CC-4056-94F1-CC759C52E6DD}
		{7739D4ED-6771-4470-A094-BB92F5898676} = {59DB4A57-50CC-4056-94F1-CC759C52E6DD}
		{70E198DF-8E29-4661-B253-B21F554BE92B} = {7739D4ED-6771-4470-A094-BB92F5898676}
		{18B441E5-800D-4547-9B3E-E366D509B6ED} = {7739D4ED-6771-4470-A094-BB92F5898676}
	EndGlobalSection
	GlobalSection(ExtensibilityGlobals) = postSolution
		SolutionGuid = {140FD1F5-EF56-4B7B-84C1-89D145AC4FE8}
	EndGlobalSection
EndGlobal
