
Microsoft Visual Studio Solution File, Format Version 12.00
# Visual Studio Version 17
VisualStudioVersion = 17.9.34607.119
MinimumVisualStudioVersion = 10.0.40219.1
Project("{2150E333-8FDC-42A3-9474-1A3956D46DE8}") = "Chapter01", "Chapter01", "{134B2B8F-D62E-4AFC-B4B9-9855A7F4C8D6}"
EndProject
Project("{FAE04EC0-301F-11D3-BF4B-00C04F79EFBC}") = "ProductSample", "Chapter01\ProductSample\ProductSample.csproj", "{86B992B5-EEC8-45A9-961B-75691E71EE9F}"
EndProject
Project("{FAE04EC0-301F-11D3-BF4B-00C04F79EFBC}") = "NamespaceSample", "Chapter01\NamespaceSample\NamespaceSample.csproj", "{76AEDF52-C53B-4255-87B1-A8A53255FAE3}"
EndProject
Project("{FAE04EC0-301F-11D3-BF4B-00C04F79EFBC}") = "Sample_p38", "Chapter01\Sample_p38\Sample_p38.csproj", "{43C3348D-A3AE-45DA-A5B6-6B6371EFED75}"
EndProject
Project("{2150E333-8FDC-42A3-9474-1A3956D46DE8}") = "Chapter02", "Chapter02", "{3884D5EC-3FBD-4BA3-85BD-83CE5A34CF2D}"
EndProject
Project("{2150E333-8FDC-42A3-9474-1A3956D46DE8}") = "距離換算プログラム", "距離換算プログラム", "{1B64C6CD-1A45-4ADC-8399-8ED4B665E0F6}"
EndProject
Project("{FAE04EC0-301F-11D3-BF4B-00C04F79EFBC}") = "DistanceConverter", "Chapter02\DistanceConverter\DistanceConverter.csproj", "{4D95D509-AADF-4F85-ABFF-07E6643F04BC}"
EndProject
Project("{2150E333-8FDC-42A3-9474-1A3956D46DE8}") = "売上集計プログラム", "売上集計プログラム", "{93E07B58-DFEC-4C59-B55D-643AB1DE42AE}"
EndProject
Project("{FAE04EC0-301F-11D3-BF4B-00C04F79EFBC}") = "SalesCounter", "Chapter02\SalesCounter\SalesCounter.csproj", "{416F2645-322C-4014-ACEA-2994F955645A}"
EndProject
Project("{2150E333-8FDC-42A3-9474-1A3956D46DE8}") = "#演習問題", "#演習問題", "{C6E43A83-C28F-4738-9AB4-A44464B4E84E}"
EndProject
Project("{FAE04EC0-301F-11D3-BF4B-00C04F79EFBC}") = "Exercise1", "Chapter02\演習問題\Exercise1\Exercise1.csproj", "{580BFFA9-B4B9-4A5D-97D4-B00177D85F42}"
EndProject
Project("{FAE04EC0-301F-11D3-BF4B-00C04F79EFBC}") = "Exercise2", "Chapter02\演習問題\Exercise2\Exercise2.csproj", "{82EE636D-3DCB-4618-B408-4E5DCA9D926E}"
EndProject
Project("{2150E333-8FDC-42A3-9474-1A3956D46DE8}") = "Chapter03", "Chapter03", "{60C25C6E-EA9B-4428-8653-D359822783F7}"
EndProject
Project("{FAE04EC0-301F-11D3-BF4B-00C04F79EFBC}") = "Section01", "Chapter03\Section01\Section01.csproj", "{206D0553-0516-4B65-A5D1-7DA3AC3470A7}"
EndProject
Project("{2150E333-8FDC-42A3-9474-1A3956D46DE8}") = "演習問題", "演習問題", "{7121C285-E6AB-4D3C-A03F-B7EE40BBC247}"
EndProject
Project("{FAE04EC0-301F-11D3-BF4B-00C04F79EFBC}") = "Exercise01", "演習問題\Exercise01\Exercise01.csproj", "{BB7915AC-3FA7-4D2A-BC16-A547E762A3A7}"
EndProject
Project("{FAE04EC0-301F-11D3-BF4B-00C04F79EFBC}") = "Exercise02", "演習問題\Exercise02\Exercise02.csproj", "{B697BD6C-644F-4357-8D57-74212FEE3971}"
EndProject
Project("{2150E333-8FDC-42A3-9474-1A3956D46DE8}") = "FormApps", "FormApps", "{DC075A22-22BA-4192-AE31-A1F376E957AC}"
EndProject
Project("{9A19103F-16F7-4668-BE54-9A1E7A4F7556}") = "BallApp", "FormApps\BallApp\BallApp.csproj", "{4A715BEE-8A90-4E10-932B-D6CD6CEFD83A}"
EndProject
Project("{2150E333-8FDC-42A3-9474-1A3956D46DE8}") = "Chapter04", "Chapter04", "{7A9A4A8B-3C08-4426-915D-FA05A5BCD679}"
EndProject
Project("{FAE04EC0-301F-11D3-BF4B-00C04F79EFBC}") = "Section01", "Chapter04\Section01\Section01.csproj", "{3F6D8AC9-209C-4982-8523-EAE15C0D8B09}"
EndProject
Project("{2150E333-8FDC-42A3-9474-1A3956D46DE8}") = "演習問題", "演習問題", "{3B4EF543-899F-4020-BC58-7B75F01D7DB4}"
EndProject
Project("{FAE04EC0-301F-11D3-BF4B-00C04F79EFBC}") = "exercise01", "Chapter04\演習問題\exercise01\exercise01.csproj", "{C29010CE-C092-4103-A6B1-3B47DD113760}"
EndProject
Project("{FAE04EC0-301F-11D3-BF4B-00C04F79EFBC}") = "exercise02", "Chapter04\演習問題\exercise02\exercise02.csproj", "{4549E6EA-411A-42B7-BBCC-81CF97973BE0}"
EndProject
Project("{2150E333-8FDC-42A3-9474-1A3956D46DE8}") = "Chapter05", "Chapter05", "{EDA51D17-EE29-496E-AC4E-29C3669F79F6}"
EndProject
Project("{2150E333-8FDC-42A3-9474-1A3956D46DE8}") = "演習問題", "演習問題", "{B543DBAC-9FB9-435D-A093-5F072AC253FD}"
EndProject
Project("{FAE04EC0-301F-11D3-BF4B-00C04F79EFBC}") = "Exercise01", "Chapter05\演習問題\Exercise01\Exercise01.csproj", "{88101909-9B73-4096-95D3-F4D13D47C11B}"
EndProject
Project("{FAE04EC0-301F-11D3-BF4B-00C04F79EFBC}") = "Exercise02", "Chapter05\演習問題\Exercise02\Exercise02.csproj", "{A1CBD4EE-24CB-4451-BC44-6C7D76166BE8}"
EndProject
Project("{FAE04EC0-301F-11D3-BF4B-00C04F79EFBC}") = "Exercise03", "Chapter05\演習問題\Exercise03\Exercise03.csproj", "{E9EC9916-611E-4D38-BF1B-B65C55666521}"
EndProject
Project("{FAE04EC0-301F-11D3-BF4B-00C04F79EFBC}") = "Exercise04", "Chapter05\演習問題\新しいフォルダー\Exercise04\Exercise04.csproj", "{5616A582-2B11-4863-94FE-98EDAF81AB05}"
EndProject
Project("{2150E333-8FDC-42A3-9474-1A3956D46DE8}") = "Chapter06", "Chapter06", "{59DB4A57-50CC-4056-94F1-CC759C52E6DD}"
EndProject
Project("{FAE04EC0-301F-11D3-BF4B-00C04F79EFBC}") = "Section01", "Chapter06\Section01\Section01.csproj", "{5B6EB65A-3805-4B3D-94F3-DEAF426174C7}"
EndProject
Project("{2150E333-8FDC-42A3-9474-1A3956D46DE8}") = "演習問題", "演習問題", "{7739D4ED-6771-4470-A094-BB92F5898676}"
EndProject
Project("{FAE04EC0-301F-11D3-BF4B-00C04F79EFBC}") = "Exercise01", "Chapter06\演習問題\Exercise01\Exercise01.csproj", "{70E198DF-8E29-4661-B253-B21F554BE92B}"
EndProject
Project("{FAE04EC0-301F-11D3-BF4B-00C04F79EFBC}") = "Exercise02", "Chapter06\演習問題\Exercise02\Exercise02.csproj", "{18B441E5-800D-4547-9B3E-E366D509B6ED}"
EndProject
Project("{2150E333-8FDC-42A3-9474-1A3956D46DE8}") = "Chapter07", "Chapter07", "{C813142D-ACA3-4A6F-99DC-A7AD70F9FF51}"
EndProject
Project("{FAE04EC0-301F-11D3-BF4B-00C04F79EFBC}") = "Section01", "Chapter07\Section01\Section01.csproj", "{80913546-7218-4327-B6B0-DACDE3D9FA63}"
EndProject
Project("{FAE04EC0-301F-11D3-BF4B-00C04F79EFBC}") = "Section02", "Chapter07\Section02\Section02.csproj", "{77E5CB40-0742-4CE7-8DD9-DDD01E2524E9}"
EndProject
Project("{2150E333-8FDC-42A3-9474-1A3956D46DE8}") = "Test2406", "Test2406", "{AA9DE868-1F53-4255-AB51-83C723ED1AF0}"
EndProject
Project("{FAE04EC0-301F-11D3-BF4B-00C04F79EFBC}") = "Test01", "TestProject\Test01\Test01.csproj", "{2BFACDC3-F44D-4199-8498-F5C3C4AC0335}"
EndProject
Project("{FAE04EC0-301F-11D3-BF4B-00C04F79EFBC}") = "Test02", "TestProject\Test02\Test02.csproj", "{E461C0A8-8900-485C-B520-E929BA33F712}"
EndProject
Project("{2150E333-8FDC-42A3-9474-1A3956D46DE8}") = "Chapter08", "Chapter08", "{52C35505-B5C1-466E-8323-D6614D05368E}"
EndProject
Project("{FAE04EC0-301F-11D3-BF4B-00C04F79EFBC}") = "Section01", "\\172.16.42.1\学生\2024_情報システム\Chapter08\Section01\Section01.csproj", "{8BCCC44E-02FF-4AD8-9ABA-632BB9BE1D7C}"
EndProject
Project("{FAE04EC0-301F-11D3-BF4B-00C04F79EFBC}") = "Section03", "\\172.16.42.1\学生\2024_情報システム\Chapter07\Section03\Section03.csproj", "{01694260-4781-4ECA-B349-1C9B99363FB1}"
EndProject
Project("{FAE04EC0-301F-11D3-BF4B-00C04F79EFBC}") = "Section04", "\\172.16.42.1\学生\2024_情報システム\Chapter07\Section04\Section04.csproj", "{31B71D12-CC5C-4C5F-995C-B35248845268}"
EndProject
Project("{FAE04EC0-301F-11D3-BF4B-00C04F79EFBC}") = "DateTimeApp", "FormApps\DateTimeApp\DateTimeApp.csproj", "{4D147DF9-6912-4588-8E98-EF4E5F3706B3}"
EndProject
Project("{2150E333-8FDC-42A3-9474-1A3956D46DE8}") = "演習問題", "演習問題", "{AD0A55FB-4527-48FB-AC5B-EC5F44E167C1}"
EndProject
Project("{9A19103F-16F7-4668-BE54-9A1E7A4F7556}") = "Excercise01", "Chapter08\演習問題\Excercise01\Excercise01.csproj", "{F37C0B2D-C8E6-4735-8A9D-7198343AB196}"
EndProject
Project("{2150E333-8FDC-42A3-9474-1A3956D46DE8}") = "Test2407", "Test2407", "{A305A17F-DA1F-4153-9DE7-AE367449E492}"
EndProject
Project("{FAE04EC0-301F-11D3-BF4B-00C04F79EFBC}") = "Test02", "TestProject\Test02_01\Test02.csproj", "{9629460F-6875-4F78-AFFB-A5FD0F63E783}"
EndProject
Project("{9A19103F-16F7-4668-BE54-9A1E7A4F7556}") = "CarReportSystem", "FormApps\CarReportSystem\CarReportSystem.csproj", "{4A5A1CBD-3B2E-413A-B904-62BF65C5B63D}"
EndProject
Project("{2150E333-8FDC-42A3-9474-1A3956D46DE8}") = "Chapter11", "Chapter11", "{43E4E267-46EF-43FE-866D-47D810D921EB}"
EndProject
Project("{2150E333-8FDC-42A3-9474-1A3956D46DE8}") = "演習問題", "演習問題", "{545F64C8-BAAE-41A3-85F5-46D6B6EC472F}"
EndProject
Project("{FAE04EC0-301F-11D3-BF4B-00C04F79EFBC}") = "Exercise01", "Chapter11\演習問題\Exercise01\Exercise01.csproj", "{46E83855-247C-4B32-882A-A2A1DF89BE52}"
EndProject
Project("{FAE04EC0-301F-11D3-BF4B-00C04F79EFBC}") = "Section01", "Chapter11\Section01\Section01.csproj", "{99D80059-DBCA-42A7-9A7B-3FEDD26652FA}"
EndProject
Project("{FAE04EC0-301F-11D3-BF4B-00C04F79EFBC}") = "Section02", "Chapter11\Section02\Section02.csproj", "{4DA4D76D-5DBB-4FD8-9F2D-9C18EEF831F9}"
EndProject
Project("{2150E333-8FDC-42A3-9474-1A3956D46DE8}") = "Chapter12", "Chapter12", "{2D3ADDB0-78EC-41F2-8793-3D9C750DCA7C}"
EndProject
Project("{FAE04EC0-301F-11D3-BF4B-00C04F79EFBC}") = "Section01", "Chapter12\Section01\Section01.csproj", "{9371E5C0-94BB-4F54-8BF4-4D17107B8780}"
EndProject
Project("{2150E333-8FDC-42A3-9474-1A3956D46DE8}") = "演習問題", "演習問題", "{4E9B5541-DC7C-42CD-B7F6-174F66675959}"
EndProject
Project("{FAE04EC0-301F-11D3-BF4B-00C04F79EFBC}") = "Exercise01", "Chapter12\演習問題\Exercise01\Exercise01.csproj", "{57714043-A8AF-4EF8-B227-0AF64230F4F2}"
EndProject
Project("{FAE04EC0-301F-11D3-BF4B-00C04F79EFBC}") = "Section02", "Chapter12\Section02\Section02.csproj", "{A015ED1A-9D89-4910-8EF5-0D03510C8AC5}"
EndProject
Project("{FAE04EC0-301F-11D3-BF4B-00C04F79EFBC}") = "RssReader", "FormApps\FormApp\RssReader\RssReader.csproj", "{7E56B4AA-6D6C-4994-B97D-B68A7B453CFC}"
EndProject
Project("{2150E333-8FDC-42A3-9474-1A3956D46DE8}") = "Chapter13", "Chapter13", "{1981AA30-8B1C-4999-A1F8-9155C74AC779}"
EndProject
Project("{FAE04EC0-301F-11D3-BF4B-00C04F79EFBC}") = "SampleEntityFramework", "Chapter13\SampleEntityFramework\SampleEntityFramework.csproj", "{87B83FF0-2AC0-463B-9C4E-2AD60AD7C5D0}"
EndProject
Project("{FAE04EC0-301F-11D3-BF4B-00C04F79EFBC}") = "ADOSample", "FormApps\ADOSample\ADOSample.csproj", "{4778B90F-D35C-40BB-8555-CC16B4C20563}"
EndProject
Project("{2150E333-8FDC-42A3-9474-1A3956D46DE8}") = "Chapter15", "Chapter15", "{B443731C-A463-42EA-AFED-36AAD86B92A2}"
EndProject
Project("{FAE04EC0-301F-11D3-BF4B-00C04F79EFBC}") = "Section01", "Chapter15\Section01\Section01.csproj", "{24207CB4-0CF1-40B5-B0E3-85133387663D}"
EndProject
Project("{2150E333-8FDC-42A3-9474-1A3956D46DE8}") = "演習問題", "演習問題", "{4BD79D4D-D00E-40F5-9655-24A3F2A56C8C}"
EndProject
Project("{FAE04EC0-301F-11D3-BF4B-00C04F79EFBC}") = "Exercise01", "Chapter15\演習問題\Exercise01\Exercise01.csproj", "{B1B1DAE6-63EE-4253-9ED7-7A150B94B339}"
EndProject
Project("{2150E333-8FDC-42A3-9474-1A3956D46DE8}") = "Chapter16", "Chapter16", "{6146F0A3-360E-48F9-AD94-DDE070CE5427}"
EndProject
Project("{FAE04EC0-301F-11D3-BF4B-00C04F79EFBC}") = "Section03", "Chapter16\Section03\Section03.csproj", "{493BB6CE-3B5B-4A50-AA48-5EEFBBEF4965}"
EndProject
Project("{FAE04EC0-301F-11D3-BF4B-00C04F79EFBC}") = "Section04", "Chapter16\Section04\Section04.csproj", "{737068ED-FBB4-45C2-B89D-9DD1AFBEE7C1}"
EndProject
Project("{2150E333-8FDC-42A3-9474-1A3956D46DE8}") = "Chapter17", "Chapter17", "{10A477D8-1136-4E2F-BF8B-BD9F48AE27DB}"
EndProject
Project("{FAE04EC0-301F-11D3-BF4B-00C04F79EFBC}") = "Section01", "Chapter17\Section01\Section01.csproj", "{3D3FE4BB-772C-45B4-8A8D-134C2517075C}"
EndProject
Project("{FAE04EC0-301F-11D3-BF4B-00C04F79EFBC}") = "Section02", "Chapter17\Section02\Section02.csproj", "{B8D9EC0E-D61E-411F-AE80-926FB9D9EFC3}"
EndProject
Project("{2150E333-8FDC-42A3-9474-1A3956D46DE8}") = "TemplateMethod", "TemplateMethod", "{A9D8295F-BD37-4728-ADC9-89CE762E850F}"
EndProject
Project("{FAE04EC0-301F-11D3-BF4B-00C04F79EFBC}") = "TextFileProcessor", "Chapter17\TemplateMethod\TextFileProcessor\TextFileProcessor.csproj", "{C7358FFA-D126-4861-8DDD-3249537AF2CB}"
EndProject
Project("{FAE04EC0-301F-11D3-BF4B-00C04F79EFBC}") = "LineCounter", "Chapter17\TemplateMethod\LineCounter_\LineCounter\LineCounter.csproj", "{3C087117-8C8F-452A-A855-3390C5D36C6E}"
EndProject
Project("{2150E333-8FDC-42A3-9474-1A3956D46DE8}") = "Strategy", "Strategy", "{47AA9509-F0B4-480A-AB9B-B90C8056DE03}"
EndProject
Project("{FAE04EC0-301F-11D3-BF4B-00C04F79EFBC}") = "DistanceConverter", "Chapter17\Strategy\DistanceConverter\DistanceConverter.csproj", "{9C5E2A3B-F83C-4CB6-B6B2-7C4E508DD9D7}"
EndProject
Project("{FAE04EC0-301F-11D3-BF4B-00C04F79EFBC}") = "TextNumberSizeChange", "Chapter17\TemplateMethod\TextNumberSizeChange\LineCounter\TextNumberSizeChange.csproj", "{9F18232A-0742-4A12-A2EB-92B4BA3FEFAD}"
EndProject
Project("{2150E333-8FDC-42A3-9474-1A3956D46DE8}") = "WPF", "WPF", "{B9F32443-C6F4-4E17-8378-5922046F29B1}"
EndProject
Project("{FAE04EC0-301F-11D3-BF4B-00C04F79EFBC}") = "SampleApplication", "WPF\SampleApplication\SampleApplication.csproj", "{E5F4E861-CCB9-432B-B012-414CDBEE8EDD}"
EndProject
Project("{FAE04EC0-301F-11D3-BF4B-00C04F79EFBC}") = "GridSample", "WPF\GridSample\GridSample.csproj", "{83348CBE-3115-4501-8A83-4E390394F452}"
EndProject
Project("{FAE04EC0-301F-11D3-BF4B-00C04F79EFBC}") = "SampleSlider", "WPF\SampleSlider\SampleSlider.csproj", "{FB4E0B37-259C-4C31-AA30-850020B98AC5}"
EndProject
Project("{FAE04EC0-301F-11D3-BF4B-00C04F79EFBC}") = "CollorChecker", "WPF\CollorChecker\CollorChecker.csproj", "{77E59DE1-44A5-4746-B2A5-144E28477634}"
EndProject
Project("{FAE04EC0-301F-11D3-BF4B-00C04F79EFBC}") = "SampleUnitConverter", "WPF\SampleUnitConverter\SampleUnitConverter.csproj", "{1B0EC2C5-9FDE-4ECD-AA91-8E28AA042C55}"
EndProject
Project("{FAE04EC0-301F-11D3-BF4B-00C04F79EFBC}") = "SampleWeightUnitConverter", "WPF\SampleWeightUnitConverter\SampleWeightUnitConverter.csproj", "{B3FD4E18-5DD3-4FED-A89D-B15F8AD88BEF}"
EndProject
Global
	GlobalSection(SolutionConfigurationPlatforms) = preSolution
		Debug|Any CPU = Debug|Any CPU
		Release|Any CPU = Release|Any CPU
	EndGlobalSection
	GlobalSection(ProjectConfigurationPlatforms) = postSolution
		{86B992B5-EEC8-45A9-961B-75691E71EE9F}.Debug|Any CPU.ActiveCfg = Debug|Any CPU
		{86B992B5-EEC8-45A9-961B-75691E71EE9F}.Debug|Any CPU.Build.0 = Debug|Any CPU
		{86B992B5-EEC8-45A9-961B-75691E71EE9F}.Release|Any CPU.ActiveCfg = Release|Any CPU
		{86B992B5-EEC8-45A9-961B-75691E71EE9F}.Release|Any CPU.Build.0 = Release|Any CPU
		{76AEDF52-C53B-4255-87B1-A8A53255FAE3}.Debug|Any CPU.ActiveCfg = Debug|Any CPU
		{76AEDF52-C53B-4255-87B1-A8A53255FAE3}.Debug|Any CPU.Build.0 = Debug|Any CPU
		{76AEDF52-C53B-4255-87B1-A8A53255FAE3}.Release|Any CPU.ActiveCfg = Release|Any CPU
		{76AEDF52-C53B-4255-87B1-A8A53255FAE3}.Release|Any CPU.Build.0 = Release|Any CPU
		{43C3348D-A3AE-45DA-A5B6-6B6371EFED75}.Debug|Any CPU.ActiveCfg = Debug|Any CPU
		{43C3348D-A3AE-45DA-A5B6-6B6371EFED75}.Debug|Any CPU.Build.0 = Debug|Any CPU
		{43C3348D-A3AE-45DA-A5B6-6B6371EFED75}.Release|Any CPU.ActiveCfg = Release|Any CPU
		{43C3348D-A3AE-45DA-A5B6-6B6371EFED75}.Release|Any CPU.Build.0 = Release|Any CPU
		{4D95D509-AADF-4F85-ABFF-07E6643F04BC}.Debug|Any CPU.ActiveCfg = Debug|Any CPU
		{4D95D509-AADF-4F85-ABFF-07E6643F04BC}.Debug|Any CPU.Build.0 = Debug|Any CPU
		{4D95D509-AADF-4F85-ABFF-07E6643F04BC}.Release|Any CPU.ActiveCfg = Release|Any CPU
		{4D95D509-AADF-4F85-ABFF-07E6643F04BC}.Release|Any CPU.Build.0 = Release|Any CPU
		{416F2645-322C-4014-ACEA-2994F955645A}.Debug|Any CPU.ActiveCfg = Debug|Any CPU
		{416F2645-322C-4014-ACEA-2994F955645A}.Debug|Any CPU.Build.0 = Debug|Any CPU
		{416F2645-322C-4014-ACEA-2994F955645A}.Release|Any CPU.ActiveCfg = Release|Any CPU
		{416F2645-322C-4014-ACEA-2994F955645A}.Release|Any CPU.Build.0 = Release|Any CPU
		{580BFFA9-B4B9-4A5D-97D4-B00177D85F42}.Debug|Any CPU.ActiveCfg = Debug|Any CPU
		{580BFFA9-B4B9-4A5D-97D4-B00177D85F42}.Debug|Any CPU.Build.0 = Debug|Any CPU
		{580BFFA9-B4B9-4A5D-97D4-B00177D85F42}.Release|Any CPU.ActiveCfg = Release|Any CPU
		{580BFFA9-B4B9-4A5D-97D4-B00177D85F42}.Release|Any CPU.Build.0 = Release|Any CPU
		{82EE636D-3DCB-4618-B408-4E5DCA9D926E}.Debug|Any CPU.ActiveCfg = Debug|Any CPU
		{82EE636D-3DCB-4618-B408-4E5DCA9D926E}.Debug|Any CPU.Build.0 = Debug|Any CPU
		{82EE636D-3DCB-4618-B408-4E5DCA9D926E}.Release|Any CPU.ActiveCfg = Release|Any CPU
		{82EE636D-3DCB-4618-B408-4E5DCA9D926E}.Release|Any CPU.Build.0 = Release|Any CPU
		{206D0553-0516-4B65-A5D1-7DA3AC3470A7}.Debug|Any CPU.ActiveCfg = Debug|Any CPU
		{206D0553-0516-4B65-A5D1-7DA3AC3470A7}.Debug|Any CPU.Build.0 = Debug|Any CPU
		{206D0553-0516-4B65-A5D1-7DA3AC3470A7}.Release|Any CPU.ActiveCfg = Release|Any CPU
		{206D0553-0516-4B65-A5D1-7DA3AC3470A7}.Release|Any CPU.Build.0 = Release|Any CPU
		{BB7915AC-3FA7-4D2A-BC16-A547E762A3A7}.Debug|Any CPU.ActiveCfg = Debug|Any CPU
		{BB7915AC-3FA7-4D2A-BC16-A547E762A3A7}.Debug|Any CPU.Build.0 = Debug|Any CPU
		{BB7915AC-3FA7-4D2A-BC16-A547E762A3A7}.Release|Any CPU.ActiveCfg = Release|Any CPU
		{BB7915AC-3FA7-4D2A-BC16-A547E762A3A7}.Release|Any CPU.Build.0 = Release|Any CPU
		{B697BD6C-644F-4357-8D57-74212FEE3971}.Debug|Any CPU.ActiveCfg = Debug|Any CPU
		{B697BD6C-644F-4357-8D57-74212FEE3971}.Debug|Any CPU.Build.0 = Debug|Any CPU
		{B697BD6C-644F-4357-8D57-74212FEE3971}.Release|Any CPU.ActiveCfg = Release|Any CPU
		{B697BD6C-644F-4357-8D57-74212FEE3971}.Release|Any CPU.Build.0 = Release|Any CPU
		{4A715BEE-8A90-4E10-932B-D6CD6CEFD83A}.Debug|Any CPU.ActiveCfg = Debug|Any CPU
		{4A715BEE-8A90-4E10-932B-D6CD6CEFD83A}.Debug|Any CPU.Build.0 = Debug|Any CPU
		{4A715BEE-8A90-4E10-932B-D6CD6CEFD83A}.Release|Any CPU.ActiveCfg = Release|Any CPU
		{4A715BEE-8A90-4E10-932B-D6CD6CEFD83A}.Release|Any CPU.Build.0 = Release|Any CPU
		{3F6D8AC9-209C-4982-8523-EAE15C0D8B09}.Debug|Any CPU.ActiveCfg = Debug|Any CPU
		{3F6D8AC9-209C-4982-8523-EAE15C0D8B09}.Debug|Any CPU.Build.0 = Debug|Any CPU
		{3F6D8AC9-209C-4982-8523-EAE15C0D8B09}.Release|Any CPU.ActiveCfg = Release|Any CPU
		{3F6D8AC9-209C-4982-8523-EAE15C0D8B09}.Release|Any CPU.Build.0 = Release|Any CPU
		{C29010CE-C092-4103-A6B1-3B47DD113760}.Debug|Any CPU.ActiveCfg = Debug|Any CPU
		{C29010CE-C092-4103-A6B1-3B47DD113760}.Debug|Any CPU.Build.0 = Debug|Any CPU
		{C29010CE-C092-4103-A6B1-3B47DD113760}.Release|Any CPU.ActiveCfg = Release|Any CPU
		{C29010CE-C092-4103-A6B1-3B47DD113760}.Release|Any CPU.Build.0 = Release|Any CPU
		{4549E6EA-411A-42B7-BBCC-81CF97973BE0}.Debug|Any CPU.ActiveCfg = Debug|Any CPU
		{4549E6EA-411A-42B7-BBCC-81CF97973BE0}.Debug|Any CPU.Build.0 = Debug|Any CPU
		{4549E6EA-411A-42B7-BBCC-81CF97973BE0}.Release|Any CPU.ActiveCfg = Release|Any CPU
		{4549E6EA-411A-42B7-BBCC-81CF97973BE0}.Release|Any CPU.Build.0 = Release|Any CPU
		{88101909-9B73-4096-95D3-F4D13D47C11B}.Debug|Any CPU.ActiveCfg = Debug|Any CPU
		{88101909-9B73-4096-95D3-F4D13D47C11B}.Debug|Any CPU.Build.0 = Debug|Any CPU
		{88101909-9B73-4096-95D3-F4D13D47C11B}.Release|Any CPU.ActiveCfg = Release|Any CPU
		{88101909-9B73-4096-95D3-F4D13D47C11B}.Release|Any CPU.Build.0 = Release|Any CPU
		{A1CBD4EE-24CB-4451-BC44-6C7D76166BE8}.Debug|Any CPU.ActiveCfg = Debug|Any CPU
		{A1CBD4EE-24CB-4451-BC44-6C7D76166BE8}.Debug|Any CPU.Build.0 = Debug|Any CPU
		{A1CBD4EE-24CB-4451-BC44-6C7D76166BE8}.Release|Any CPU.ActiveCfg = Release|Any CPU
		{A1CBD4EE-24CB-4451-BC44-6C7D76166BE8}.Release|Any CPU.Build.0 = Release|Any CPU
		{E9EC9916-611E-4D38-BF1B-B65C55666521}.Debug|Any CPU.ActiveCfg = Debug|Any CPU
		{E9EC9916-611E-4D38-BF1B-B65C55666521}.Debug|Any CPU.Build.0 = Debug|Any CPU
		{E9EC9916-611E-4D38-BF1B-B65C55666521}.Release|Any CPU.ActiveCfg = Release|Any CPU
		{E9EC9916-611E-4D38-BF1B-B65C55666521}.Release|Any CPU.Build.0 = Release|Any CPU
		{5616A582-2B11-4863-94FE-98EDAF81AB05}.Debug|Any CPU.ActiveCfg = Debug|Any CPU
		{5616A582-2B11-4863-94FE-98EDAF81AB05}.Debug|Any CPU.Build.0 = Debug|Any CPU
		{5616A582-2B11-4863-94FE-98EDAF81AB05}.Release|Any CPU.ActiveCfg = Release|Any CPU
		{5616A582-2B11-4863-94FE-98EDAF81AB05}.Release|Any CPU.Build.0 = Release|Any CPU
		{5B6EB65A-3805-4B3D-94F3-DEAF426174C7}.Debug|Any CPU.ActiveCfg = Debug|Any CPU
		{5B6EB65A-3805-4B3D-94F3-DEAF426174C7}.Debug|Any CPU.Build.0 = Debug|Any CPU
		{5B6EB65A-3805-4B3D-94F3-DEAF426174C7}.Release|Any CPU.ActiveCfg = Release|Any CPU
		{5B6EB65A-3805-4B3D-94F3-DEAF426174C7}.Release|Any CPU.Build.0 = Release|Any CPU
		{70E198DF-8E29-4661-B253-B21F554BE92B}.Debug|Any CPU.ActiveCfg = Debug|Any CPU
		{70E198DF-8E29-4661-B253-B21F554BE92B}.Debug|Any CPU.Build.0 = Debug|Any CPU
		{70E198DF-8E29-4661-B253-B21F554BE92B}.Release|Any CPU.ActiveCfg = Release|Any CPU
		{70E198DF-8E29-4661-B253-B21F554BE92B}.Release|Any CPU.Build.0 = Release|Any CPU
		{18B441E5-800D-4547-9B3E-E366D509B6ED}.Debug|Any CPU.ActiveCfg = Debug|Any CPU
		{18B441E5-800D-4547-9B3E-E366D509B6ED}.Debug|Any CPU.Build.0 = Debug|Any CPU
		{18B441E5-800D-4547-9B3E-E366D509B6ED}.Release|Any CPU.ActiveCfg = Release|Any CPU
		{18B441E5-800D-4547-9B3E-E366D509B6ED}.Release|Any CPU.Build.0 = Release|Any CPU
		{80913546-7218-4327-B6B0-DACDE3D9FA63}.Debug|Any CPU.ActiveCfg = Debug|Any CPU
		{80913546-7218-4327-B6B0-DACDE3D9FA63}.Debug|Any CPU.Build.0 = Debug|Any CPU
		{80913546-7218-4327-B6B0-DACDE3D9FA63}.Release|Any CPU.ActiveCfg = Release|Any CPU
		{80913546-7218-4327-B6B0-DACDE3D9FA63}.Release|Any CPU.Build.0 = Release|Any CPU
		{77E5CB40-0742-4CE7-8DD9-DDD01E2524E9}.Debug|Any CPU.ActiveCfg = Debug|Any CPU
		{77E5CB40-0742-4CE7-8DD9-DDD01E2524E9}.Debug|Any CPU.Build.0 = Debug|Any CPU
		{77E5CB40-0742-4CE7-8DD9-DDD01E2524E9}.Release|Any CPU.ActiveCfg = Release|Any CPU
		{77E5CB40-0742-4CE7-8DD9-DDD01E2524E9}.Release|Any CPU.Build.0 = Release|Any CPU
		{2BFACDC3-F44D-4199-8498-F5C3C4AC0335}.Debug|Any CPU.ActiveCfg = Debug|Any CPU
		{2BFACDC3-F44D-4199-8498-F5C3C4AC0335}.Debug|Any CPU.Build.0 = Debug|Any CPU
		{2BFACDC3-F44D-4199-8498-F5C3C4AC0335}.Release|Any CPU.ActiveCfg = Release|Any CPU
		{2BFACDC3-F44D-4199-8498-F5C3C4AC0335}.Release|Any CPU.Build.0 = Release|Any CPU
		{E461C0A8-8900-485C-B520-E929BA33F712}.Debug|Any CPU.ActiveCfg = Debug|Any CPU
		{E461C0A8-8900-485C-B520-E929BA33F712}.Debug|Any CPU.Build.0 = Debug|Any CPU
		{E461C0A8-8900-485C-B520-E929BA33F712}.Release|Any CPU.ActiveCfg = Release|Any CPU
		{E461C0A8-8900-485C-B520-E929BA33F712}.Release|Any CPU.Build.0 = Release|Any CPU
		{8BCCC44E-02FF-4AD8-9ABA-632BB9BE1D7C}.Debug|Any CPU.ActiveCfg = Debug|Any CPU
		{8BCCC44E-02FF-4AD8-9ABA-632BB9BE1D7C}.Debug|Any CPU.Build.0 = Debug|Any CPU
		{8BCCC44E-02FF-4AD8-9ABA-632BB9BE1D7C}.Release|Any CPU.ActiveCfg = Release|Any CPU
		{8BCCC44E-02FF-4AD8-9ABA-632BB9BE1D7C}.Release|Any CPU.Build.0 = Release|Any CPU
		{01694260-4781-4ECA-B349-1C9B99363FB1}.Debug|Any CPU.ActiveCfg = Debug|Any CPU
		{01694260-4781-4ECA-B349-1C9B99363FB1}.Debug|Any CPU.Build.0 = Debug|Any CPU
		{01694260-4781-4ECA-B349-1C9B99363FB1}.Release|Any CPU.ActiveCfg = Release|Any CPU
		{01694260-4781-4ECA-B349-1C9B99363FB1}.Release|Any CPU.Build.0 = Release|Any CPU
		{31B71D12-CC5C-4C5F-995C-B35248845268}.Debug|Any CPU.ActiveCfg = Debug|Any CPU
		{31B71D12-CC5C-4C5F-995C-B35248845268}.Debug|Any CPU.Build.0 = Debug|Any CPU
		{31B71D12-CC5C-4C5F-995C-B35248845268}.Release|Any CPU.ActiveCfg = Release|Any CPU
		{31B71D12-CC5C-4C5F-995C-B35248845268}.Release|Any CPU.Build.0 = Release|Any CPU
		{4D147DF9-6912-4588-8E98-EF4E5F3706B3}.Debug|Any CPU.ActiveCfg = Debug|Any CPU
		{4D147DF9-6912-4588-8E98-EF4E5F3706B3}.Debug|Any CPU.Build.0 = Debug|Any CPU
		{4D147DF9-6912-4588-8E98-EF4E5F3706B3}.Release|Any CPU.ActiveCfg = Release|Any CPU
		{4D147DF9-6912-4588-8E98-EF4E5F3706B3}.Release|Any CPU.Build.0 = Release|Any CPU
		{F37C0B2D-C8E6-4735-8A9D-7198343AB196}.Debug|Any CPU.ActiveCfg = Debug|Any CPU
		{F37C0B2D-C8E6-4735-8A9D-7198343AB196}.Debug|Any CPU.Build.0 = Debug|Any CPU
		{F37C0B2D-C8E6-4735-8A9D-7198343AB196}.Release|Any CPU.ActiveCfg = Release|Any CPU
		{F37C0B2D-C8E6-4735-8A9D-7198343AB196}.Release|Any CPU.Build.0 = Release|Any CPU
		{9629460F-6875-4F78-AFFB-A5FD0F63E783}.Debug|Any CPU.ActiveCfg = Debug|Any CPU
		{9629460F-6875-4F78-AFFB-A5FD0F63E783}.Debug|Any CPU.Build.0 = Debug|Any CPU
		{9629460F-6875-4F78-AFFB-A5FD0F63E783}.Release|Any CPU.ActiveCfg = Release|Any CPU
		{9629460F-6875-4F78-AFFB-A5FD0F63E783}.Release|Any CPU.Build.0 = Release|Any CPU
		{4A5A1CBD-3B2E-413A-B904-62BF65C5B63D}.Debug|Any CPU.ActiveCfg = Debug|Any CPU
		{4A5A1CBD-3B2E-413A-B904-62BF65C5B63D}.Debug|Any CPU.Build.0 = Debug|Any CPU
		{4A5A1CBD-3B2E-413A-B904-62BF65C5B63D}.Release|Any CPU.ActiveCfg = Release|Any CPU
		{4A5A1CBD-3B2E-413A-B904-62BF65C5B63D}.Release|Any CPU.Build.0 = Release|Any CPU
		{46E83855-247C-4B32-882A-A2A1DF89BE52}.Debug|Any CPU.ActiveCfg = Debug|Any CPU
		{46E83855-247C-4B32-882A-A2A1DF89BE52}.Debug|Any CPU.Build.0 = Debug|Any CPU
		{46E83855-247C-4B32-882A-A2A1DF89BE52}.Release|Any CPU.ActiveCfg = Release|Any CPU
		{46E83855-247C-4B32-882A-A2A1DF89BE52}.Release|Any CPU.Build.0 = Release|Any CPU
		{99D80059-DBCA-42A7-9A7B-3FEDD26652FA}.Debug|Any CPU.ActiveCfg = Debug|Any CPU
		{99D80059-DBCA-42A7-9A7B-3FEDD26652FA}.Debug|Any CPU.Build.0 = Debug|Any CPU
		{99D80059-DBCA-42A7-9A7B-3FEDD26652FA}.Release|Any CPU.ActiveCfg = Release|Any CPU
		{99D80059-DBCA-42A7-9A7B-3FEDD26652FA}.Release|Any CPU.Build.0 = Release|Any CPU
		{4DA4D76D-5DBB-4FD8-9F2D-9C18EEF831F9}.Debug|Any CPU.ActiveCfg = Debug|Any CPU
		{4DA4D76D-5DBB-4FD8-9F2D-9C18EEF831F9}.Debug|Any CPU.Build.0 = Debug|Any CPU
		{4DA4D76D-5DBB-4FD8-9F2D-9C18EEF831F9}.Release|Any CPU.ActiveCfg = Release|Any CPU
		{4DA4D76D-5DBB-4FD8-9F2D-9C18EEF831F9}.Release|Any CPU.Build.0 = Release|Any CPU
		{9371E5C0-94BB-4F54-8BF4-4D17107B8780}.Debug|Any CPU.ActiveCfg = Debug|Any CPU
		{9371E5C0-94BB-4F54-8BF4-4D17107B8780}.Debug|Any CPU.Build.0 = Debug|Any CPU
		{9371E5C0-94BB-4F54-8BF4-4D17107B8780}.Release|Any CPU.ActiveCfg = Release|Any CPU
		{9371E5C0-94BB-4F54-8BF4-4D17107B8780}.Release|Any CPU.Build.0 = Release|Any CPU
		{57714043-A8AF-4EF8-B227-0AF64230F4F2}.Debug|Any CPU.ActiveCfg = Debug|Any CPU
		{57714043-A8AF-4EF8-B227-0AF64230F4F2}.Debug|Any CPU.Build.0 = Debug|Any CPU
		{57714043-A8AF-4EF8-B227-0AF64230F4F2}.Release|Any CPU.ActiveCfg = Release|Any CPU
		{57714043-A8AF-4EF8-B227-0AF64230F4F2}.Release|Any CPU.Build.0 = Release|Any CPU
		{A015ED1A-9D89-4910-8EF5-0D03510C8AC5}.Debug|Any CPU.ActiveCfg = Debug|Any CPU
		{A015ED1A-9D89-4910-8EF5-0D03510C8AC5}.Debug|Any CPU.Build.0 = Debug|Any CPU
		{A015ED1A-9D89-4910-8EF5-0D03510C8AC5}.Release|Any CPU.ActiveCfg = Release|Any CPU
		{A015ED1A-9D89-4910-8EF5-0D03510C8AC5}.Release|Any CPU.Build.0 = Release|Any CPU
		{7E56B4AA-6D6C-4994-B97D-B68A7B453CFC}.Debug|Any CPU.ActiveCfg = Debug|Any CPU
		{7E56B4AA-6D6C-4994-B97D-B68A7B453CFC}.Debug|Any CPU.Build.0 = Debug|Any CPU
		{7E56B4AA-6D6C-4994-B97D-B68A7B453CFC}.Release|Any CPU.ActiveCfg = Release|Any CPU
		{7E56B4AA-6D6C-4994-B97D-B68A7B453CFC}.Release|Any CPU.Build.0 = Release|Any CPU
		{87B83FF0-2AC0-463B-9C4E-2AD60AD7C5D0}.Debug|Any CPU.ActiveCfg = Debug|Any CPU
		{87B83FF0-2AC0-463B-9C4E-2AD60AD7C5D0}.Debug|Any CPU.Build.0 = Debug|Any CPU
		{87B83FF0-2AC0-463B-9C4E-2AD60AD7C5D0}.Release|Any CPU.ActiveCfg = Release|Any CPU
		{87B83FF0-2AC0-463B-9C4E-2AD60AD7C5D0}.Release|Any CPU.Build.0 = Release|Any CPU
		{4778B90F-D35C-40BB-8555-CC16B4C20563}.Debug|Any CPU.ActiveCfg = Debug|Any CPU
		{4778B90F-D35C-40BB-8555-CC16B4C20563}.Debug|Any CPU.Build.0 = Debug|Any CPU
		{4778B90F-D35C-40BB-8555-CC16B4C20563}.Release|Any CPU.ActiveCfg = Release|Any CPU
		{4778B90F-D35C-40BB-8555-CC16B4C20563}.Release|Any CPU.Build.0 = Release|Any CPU
		{24207CB4-0CF1-40B5-B0E3-85133387663D}.Debug|Any CPU.ActiveCfg = Debug|Any CPU
		{24207CB4-0CF1-40B5-B0E3-85133387663D}.Debug|Any CPU.Build.0 = Debug|Any CPU
		{24207CB4-0CF1-40B5-B0E3-85133387663D}.Release|Any CPU.ActiveCfg = Release|Any CPU
		{24207CB4-0CF1-40B5-B0E3-85133387663D}.Release|Any CPU.Build.0 = Release|Any CPU
		{B1B1DAE6-63EE-4253-9ED7-7A150B94B339}.Debug|Any CPU.ActiveCfg = Debug|Any CPU
		{B1B1DAE6-63EE-4253-9ED7-7A150B94B339}.Debug|Any CPU.Build.0 = Debug|Any CPU
		{B1B1DAE6-63EE-4253-9ED7-7A150B94B339}.Release|Any CPU.ActiveCfg = Release|Any CPU
		{B1B1DAE6-63EE-4253-9ED7-7A150B94B339}.Release|Any CPU.Build.0 = Release|Any CPU
		{493BB6CE-3B5B-4A50-AA48-5EEFBBEF4965}.Debug|Any CPU.ActiveCfg = Debug|Any CPU
		{493BB6CE-3B5B-4A50-AA48-5EEFBBEF4965}.Debug|Any CPU.Build.0 = Debug|Any CPU
		{493BB6CE-3B5B-4A50-AA48-5EEFBBEF4965}.Release|Any CPU.ActiveCfg = Release|Any CPU
		{493BB6CE-3B5B-4A50-AA48-5EEFBBEF4965}.Release|Any CPU.Build.0 = Release|Any CPU
		{737068ED-FBB4-45C2-B89D-9DD1AFBEE7C1}.Debug|Any CPU.ActiveCfg = Debug|Any CPU
		{737068ED-FBB4-45C2-B89D-9DD1AFBEE7C1}.Debug|Any CPU.Build.0 = Debug|Any CPU
		{737068ED-FBB4-45C2-B89D-9DD1AFBEE7C1}.Release|Any CPU.ActiveCfg = Release|Any CPU
		{737068ED-FBB4-45C2-B89D-9DD1AFBEE7C1}.Release|Any CPU.Build.0 = Release|Any CPU
		{3D3FE4BB-772C-45B4-8A8D-134C2517075C}.Debug|Any CPU.ActiveCfg = Debug|Any CPU
		{3D3FE4BB-772C-45B4-8A8D-134C2517075C}.Debug|Any CPU.Build.0 = Debug|Any CPU
		{3D3FE4BB-772C-45B4-8A8D-134C2517075C}.Release|Any CPU.ActiveCfg = Release|Any CPU
		{3D3FE4BB-772C-45B4-8A8D-134C2517075C}.Release|Any CPU.Build.0 = Release|Any CPU
		{B8D9EC0E-D61E-411F-AE80-926FB9D9EFC3}.Debug|Any CPU.ActiveCfg = Debug|Any CPU
		{B8D9EC0E-D61E-411F-AE80-926FB9D9EFC3}.Debug|Any CPU.Build.0 = Debug|Any CPU
		{B8D9EC0E-D61E-411F-AE80-926FB9D9EFC3}.Release|Any CPU.ActiveCfg = Release|Any CPU
		{B8D9EC0E-D61E-411F-AE80-926FB9D9EFC3}.Release|Any CPU.Build.0 = Release|Any CPU
		{C7358FFA-D126-4861-8DDD-3249537AF2CB}.Debug|Any CPU.ActiveCfg = Debug|Any CPU
		{C7358FFA-D126-4861-8DDD-3249537AF2CB}.Debug|Any CPU.Build.0 = Debug|Any CPU
		{C7358FFA-D126-4861-8DDD-3249537AF2CB}.Release|Any CPU.ActiveCfg = Release|Any CPU
		{C7358FFA-D126-4861-8DDD-3249537AF2CB}.Release|Any CPU.Build.0 = Release|Any CPU
		{3C087117-8C8F-452A-A855-3390C5D36C6E}.Debug|Any CPU.ActiveCfg = Debug|Any CPU
		{3C087117-8C8F-452A-A855-3390C5D36C6E}.Debug|Any CPU.Build.0 = Debug|Any CPU
		{3C087117-8C8F-452A-A855-3390C5D36C6E}.Release|Any CPU.ActiveCfg = Release|Any CPU
		{3C087117-8C8F-452A-A855-3390C5D36C6E}.Release|Any CPU.Build.0 = Release|Any CPU
		{9C5E2A3B-F83C-4CB6-B6B2-7C4E508DD9D7}.Debug|Any CPU.ActiveCfg = Debug|Any CPU
		{9C5E2A3B-F83C-4CB6-B6B2-7C4E508DD9D7}.Debug|Any CPU.Build.0 = Debug|Any CPU
		{9C5E2A3B-F83C-4CB6-B6B2-7C4E508DD9D7}.Release|Any CPU.ActiveCfg = Release|Any CPU
		{9C5E2A3B-F83C-4CB6-B6B2-7C4E508DD9D7}.Release|Any CPU.Build.0 = Release|Any CPU
		{9F18232A-0742-4A12-A2EB-92B4BA3FEFAD}.Debug|Any CPU.ActiveCfg = Debug|Any CPU
		{9F18232A-0742-4A12-A2EB-92B4BA3FEFAD}.Debug|Any CPU.Build.0 = Debug|Any CPU
		{9F18232A-0742-4A12-A2EB-92B4BA3FEFAD}.Release|Any CPU.ActiveCfg = Release|Any CPU
		{9F18232A-0742-4A12-A2EB-92B4BA3FEFAD}.Release|Any CPU.Build.0 = Release|Any CPU
		{E5F4E861-CCB9-432B-B012-414CDBEE8EDD}.Debug|Any CPU.ActiveCfg = Debug|Any CPU
		{E5F4E861-CCB9-432B-B012-414CDBEE8EDD}.Debug|Any CPU.Build.0 = Debug|Any CPU
		{E5F4E861-CCB9-432B-B012-414CDBEE8EDD}.Release|Any CPU.ActiveCfg = Release|Any CPU
		{E5F4E861-CCB9-432B-B012-414CDBEE8EDD}.Release|Any CPU.Build.0 = Release|Any CPU
		{83348CBE-3115-4501-8A83-4E390394F452}.Debug|Any CPU.ActiveCfg = Debug|Any CPU
		{83348CBE-3115-4501-8A83-4E390394F452}.Debug|Any CPU.Build.0 = Debug|Any CPU
		{83348CBE-3115-4501-8A83-4E390394F452}.Release|Any CPU.ActiveCfg = Release|Any CPU
		{83348CBE-3115-4501-8A83-4E390394F452}.Release|Any CPU.Build.0 = Release|Any CPU
		{FB4E0B37-259C-4C31-AA30-850020B98AC5}.Debug|Any CPU.ActiveCfg = Debug|Any CPU
		{FB4E0B37-259C-4C31-AA30-850020B98AC5}.Debug|Any CPU.Build.0 = Debug|Any CPU
		{FB4E0B37-259C-4C31-AA30-850020B98AC5}.Release|Any CPU.ActiveCfg = Release|Any CPU
		{FB4E0B37-259C-4C31-AA30-850020B98AC5}.Release|Any CPU.Build.0 = Release|Any CPU
		{77E59DE1-44A5-4746-B2A5-144E28477634}.Debug|Any CPU.ActiveCfg = Debug|Any CPU
		{77E59DE1-44A5-4746-B2A5-144E28477634}.Debug|Any CPU.Build.0 = Debug|Any CPU
		{77E59DE1-44A5-4746-B2A5-144E28477634}.Release|Any CPU.ActiveCfg = Release|Any CPU
		{77E59DE1-44A5-4746-B2A5-144E28477634}.Release|Any CPU.Build.0 = Release|Any CPU
		{1B0EC2C5-9FDE-4ECD-AA91-8E28AA042C55}.Debug|Any CPU.ActiveCfg = Debug|Any CPU
		{1B0EC2C5-9FDE-4ECD-AA91-8E28AA042C55}.Debug|Any CPU.Build.0 = Debug|Any CPU
		{1B0EC2C5-9FDE-4ECD-AA91-8E28AA042C55}.Release|Any CPU.ActiveCfg = Release|Any CPU
		{1B0EC2C5-9FDE-4ECD-AA91-8E28AA042C55}.Release|Any CPU.Build.0 = Release|Any CPU
		{B3FD4E18-5DD3-4FED-A89D-B15F8AD88BEF}.Debug|Any CPU.ActiveCfg = Debug|Any CPU
		{B3FD4E18-5DD3-4FED-A89D-B15F8AD88BEF}.Debug|Any CPU.Build.0 = Debug|Any CPU
		{B3FD4E18-5DD3-4FED-A89D-B15F8AD88BEF}.Release|Any CPU.ActiveCfg = Release|Any CPU
		{B3FD4E18-5DD3-4FED-A89D-B15F8AD88BEF}.Release|Any CPU.Build.0 = Release|Any CPU
	EndGlobalSection
	GlobalSection(SolutionProperties) = preSolution
		HideSolutionNode = FALSE
	EndGlobalSection
	GlobalSection(NestedProjects) = preSolution
		{86B992B5-EEC8-45A9-961B-75691E71EE9F} = {134B2B8F-D62E-4AFC-B4B9-9855A7F4C8D6}
		{76AEDF52-C53B-4255-87B1-A8A53255FAE3} = {134B2B8F-D62E-4AFC-B4B9-9855A7F4C8D6}
		{43C3348D-A3AE-45DA-A5B6-6B6371EFED75} = {134B2B8F-D62E-4AFC-B4B9-9855A7F4C8D6}
		{1B64C6CD-1A45-4ADC-8399-8ED4B665E0F6} = {3884D5EC-3FBD-4BA3-85BD-83CE5A34CF2D}
		{4D95D509-AADF-4F85-ABFF-07E6643F04BC} = {1B64C6CD-1A45-4ADC-8399-8ED4B665E0F6}
		{93E07B58-DFEC-4C59-B55D-643AB1DE42AE} = {3884D5EC-3FBD-4BA3-85BD-83CE5A34CF2D}
		{416F2645-322C-4014-ACEA-2994F955645A} = {93E07B58-DFEC-4C59-B55D-643AB1DE42AE}
		{C6E43A83-C28F-4738-9AB4-A44464B4E84E} = {3884D5EC-3FBD-4BA3-85BD-83CE5A34CF2D}
		{580BFFA9-B4B9-4A5D-97D4-B00177D85F42} = {C6E43A83-C28F-4738-9AB4-A44464B4E84E}
		{82EE636D-3DCB-4618-B408-4E5DCA9D926E} = {C6E43A83-C28F-4738-9AB4-A44464B4E84E}
		{206D0553-0516-4B65-A5D1-7DA3AC3470A7} = {60C25C6E-EA9B-4428-8653-D359822783F7}
		{7121C285-E6AB-4D3C-A03F-B7EE40BBC247} = {60C25C6E-EA9B-4428-8653-D359822783F7}
		{BB7915AC-3FA7-4D2A-BC16-A547E762A3A7} = {7121C285-E6AB-4D3C-A03F-B7EE40BBC247}
		{B697BD6C-644F-4357-8D57-74212FEE3971} = {7121C285-E6AB-4D3C-A03F-B7EE40BBC247}
		{4A715BEE-8A90-4E10-932B-D6CD6CEFD83A} = {DC075A22-22BA-4192-AE31-A1F376E957AC}
		{3F6D8AC9-209C-4982-8523-EAE15C0D8B09} = {7A9A4A8B-3C08-4426-915D-FA05A5BCD679}
		{3B4EF543-899F-4020-BC58-7B75F01D7DB4} = {7A9A4A8B-3C08-4426-915D-FA05A5BCD679}
		{C29010CE-C092-4103-A6B1-3B47DD113760} = {3B4EF543-899F-4020-BC58-7B75F01D7DB4}
		{4549E6EA-411A-42B7-BBCC-81CF97973BE0} = {3B4EF543-899F-4020-BC58-7B75F01D7DB4}
		{B543DBAC-9FB9-435D-A093-5F072AC253FD} = {EDA51D17-EE29-496E-AC4E-29C3669F79F6}
		{88101909-9B73-4096-95D3-F4D13D47C11B} = {B543DBAC-9FB9-435D-A093-5F072AC253FD}
		{A1CBD4EE-24CB-4451-BC44-6C7D76166BE8} = {B543DBAC-9FB9-435D-A093-5F072AC253FD}
		{E9EC9916-611E-4D38-BF1B-B65C55666521} = {B543DBAC-9FB9-435D-A093-5F072AC253FD}
		{5616A582-2B11-4863-94FE-98EDAF81AB05} = {B543DBAC-9FB9-435D-A093-5F072AC253FD}
		{5B6EB65A-3805-4B3D-94F3-DEAF426174C7} = {59DB4A57-50CC-4056-94F1-CC759C52E6DD}
		{7739D4ED-6771-4470-A094-BB92F5898676} = {59DB4A57-50CC-4056-94F1-CC759C52E6DD}
		{70E198DF-8E29-4661-B253-B21F554BE92B} = {7739D4ED-6771-4470-A094-BB92F5898676}
		{18B441E5-800D-4547-9B3E-E366D509B6ED} = {7739D4ED-6771-4470-A094-BB92F5898676}
		{80913546-7218-4327-B6B0-DACDE3D9FA63} = {C813142D-ACA3-4A6F-99DC-A7AD70F9FF51}
		{77E5CB40-0742-4CE7-8DD9-DDD01E2524E9} = {C813142D-ACA3-4A6F-99DC-A7AD70F9FF51}
		{2BFACDC3-F44D-4199-8498-F5C3C4AC0335} = {AA9DE868-1F53-4255-AB51-83C723ED1AF0}
		{E461C0A8-8900-485C-B520-E929BA33F712} = {AA9DE868-1F53-4255-AB51-83C723ED1AF0}
		{8BCCC44E-02FF-4AD8-9ABA-632BB9BE1D7C} = {52C35505-B5C1-466E-8323-D6614D05368E}
		{01694260-4781-4ECA-B349-1C9B99363FB1} = {C813142D-ACA3-4A6F-99DC-A7AD70F9FF51}
		{31B71D12-CC5C-4C5F-995C-B35248845268} = {C813142D-ACA3-4A6F-99DC-A7AD70F9FF51}
		{4D147DF9-6912-4588-8E98-EF4E5F3706B3} = {DC075A22-22BA-4192-AE31-A1F376E957AC}
		{AD0A55FB-4527-48FB-AC5B-EC5F44E167C1} = {52C35505-B5C1-466E-8323-D6614D05368E}
		{F37C0B2D-C8E6-4735-8A9D-7198343AB196} = {AD0A55FB-4527-48FB-AC5B-EC5F44E167C1}
		{9629460F-6875-4F78-AFFB-A5FD0F63E783} = {A305A17F-DA1F-4153-9DE7-AE367449E492}
		{4A5A1CBD-3B2E-413A-B904-62BF65C5B63D} = {DC075A22-22BA-4192-AE31-A1F376E957AC}
		{545F64C8-BAAE-41A3-85F5-46D6B6EC472F} = {43E4E267-46EF-43FE-866D-47D810D921EB}
		{46E83855-247C-4B32-882A-A2A1DF89BE52} = {545F64C8-BAAE-41A3-85F5-46D6B6EC472F}
		{99D80059-DBCA-42A7-9A7B-3FEDD26652FA} = {43E4E267-46EF-43FE-866D-47D810D921EB}
		{4DA4D76D-5DBB-4FD8-9F2D-9C18EEF831F9} = {43E4E267-46EF-43FE-866D-47D810D921EB}
		{9371E5C0-94BB-4F54-8BF4-4D17107B8780} = {2D3ADDB0-78EC-41F2-8793-3D9C750DCA7C}
		{4E9B5541-DC7C-42CD-B7F6-174F66675959} = {2D3ADDB0-78EC-41F2-8793-3D9C750DCA7C}
		{57714043-A8AF-4EF8-B227-0AF64230F4F2} = {4E9B5541-DC7C-42CD-B7F6-174F66675959}
		{A015ED1A-9D89-4910-8EF5-0D03510C8AC5} = {2D3ADDB0-78EC-41F2-8793-3D9C750DCA7C}
		{7E56B4AA-6D6C-4994-B97D-B68A7B453CFC} = {DC075A22-22BA-4192-AE31-A1F376E957AC}
		{87B83FF0-2AC0-463B-9C4E-2AD60AD7C5D0} = {1981AA30-8B1C-4999-A1F8-9155C74AC779}
		{4778B90F-D35C-40BB-8555-CC16B4C20563} = {DC075A22-22BA-4192-AE31-A1F376E957AC}
		{24207CB4-0CF1-40B5-B0E3-85133387663D} = {B443731C-A463-42EA-AFED-36AAD86B92A2}
		{4BD79D4D-D00E-40F5-9655-24A3F2A56C8C} = {B443731C-A463-42EA-AFED-36AAD86B92A2}
		{B1B1DAE6-63EE-4253-9ED7-7A150B94B339} = {4BD79D4D-D00E-40F5-9655-24A3F2A56C8C}
		{493BB6CE-3B5B-4A50-AA48-5EEFBBEF4965} = {6146F0A3-360E-48F9-AD94-DDE070CE5427}
		{737068ED-FBB4-45C2-B89D-9DD1AFBEE7C1} = {6146F0A3-360E-48F9-AD94-DDE070CE5427}
		{3D3FE4BB-772C-45B4-8A8D-134C2517075C} = {10A477D8-1136-4E2F-BF8B-BD9F48AE27DB}
		{B8D9EC0E-D61E-411F-AE80-926FB9D9EFC3} = {10A477D8-1136-4E2F-BF8B-BD9F48AE27DB}
		{A9D8295F-BD37-4728-ADC9-89CE762E850F} = {10A477D8-1136-4E2F-BF8B-BD9F48AE27DB}
		{C7358FFA-D126-4861-8DDD-3249537AF2CB} = {A9D8295F-BD37-4728-ADC9-89CE762E850F}
		{3C087117-8C8F-452A-A855-3390C5D36C6E} = {A9D8295F-BD37-4728-ADC9-89CE762E850F}
		{47AA9509-F0B4-480A-AB9B-B90C8056DE03} = {10A477D8-1136-4E2F-BF8B-BD9F48AE27DB}
		{9C5E2A3B-F83C-4CB6-B6B2-7C4E508DD9D7} = {47AA9509-F0B4-480A-AB9B-B90C8056DE03}
		{9F18232A-0742-4A12-A2EB-92B4BA3FEFAD} = {A9D8295F-BD37-4728-ADC9-89CE762E850F}
		{E5F4E861-CCB9-432B-B012-414CDBEE8EDD} = {B9F32443-C6F4-4E17-8378-5922046F29B1}
		{83348CBE-3115-4501-8A83-4E390394F452} = {B9F32443-C6F4-4E17-8378-5922046F29B1}
		{FB4E0B37-259C-4C31-AA30-850020B98AC5} = {B9F32443-C6F4-4E17-8378-5922046F29B1}
		{77E59DE1-44A5-4746-B2A5-144E28477634} = {B9F32443-C6F4-4E17-8378-5922046F29B1}
		{1B0EC2C5-9FDE-4ECD-AA91-8E28AA042C55} = {B9F32443-C6F4-4E17-8378-5922046F29B1}
		{B3FD4E18-5DD3-4FED-A89D-B15F8AD88BEF} = {B9F32443-C6F4-4E17-8378-5922046F29B1}
	EndGlobalSection
	GlobalSection(ExtensibilityGlobals) = postSolution
		SolutionGuid = {140FD1F5-EF56-4B7B-84C1-89D145AC4FE8}
	EndGlobalSection
EndGlobal
